
Microsoft Visual Studio Solution File, Format Version 12.00
# Visual Studio Version 17
VisualStudioVersion = 17.1.32414.318
MinimumVisualStudioVersion = 10.0.40219.1
Project("{FAE04EC0-301F-11D3-BF4B-00C04F79EFBC}") = "Toletus.LiteNet2.ConsoleApp", "src\Toletus.LiteNet2.ConsoleApp\Toletus.LiteNet2.ConsoleApp.csproj", "{76545655-3752-49EA-88BC-2BF984F05383}"
EndProject
Project("{9A19103F-16F7-4668-BE54-9A1E7A4F7556}") = "Toletus.Extensions", "src\Toletus.Extensions\Toletus.Extensions.csproj", "{08E4C3CB-6134-41FB-9D1D-44AA38EA4368}"
EndProject
Project("{9A19103F-16F7-4668-BE54-9A1E7A4F7556}") = "Toletus.LiteNet2.Base", "src\Toletus.LiteNet2.Base\Toletus.LiteNet2.Base.csproj", "{DB4A8F5C-9C17-4610-9DBC-B8A5E7217470}"
EndProject
Project("{9A19103F-16F7-4668-BE54-9A1E7A4F7556}") = "Toletus.LiteNet2.Command", "src\Toletus.LiteNet2.Command\Toletus.LiteNet2.Command.csproj", "{DD27FB87-9705-45E3-8E50-299FE89D684A}"
EndProject
Project("{9A19103F-16F7-4668-BE54-9A1E7A4F7556}") = "Toletus.SM25.Command", "src\Toletus.SM25.Command\Toletus.SM25.Command.csproj", "{36C6EA2F-24DA-424C-82CF-1CC54B5A3A6F}"
EndProject
Global
	GlobalSection(SolutionConfigurationPlatforms) = preSolution
		Debug|Any CPU = Debug|Any CPU
		Release|Any CPU = Release|Any CPU
	EndGlobalSection
	GlobalSection(ProjectConfigurationPlatforms) = postSolution
		{76545655-3752-49EA-88BC-2BF984F05383}.Debug|Any CPU.ActiveCfg = Debug|Any CPU
		{76545655-3752-49EA-88BC-2BF984F05383}.Debug|Any CPU.Build.0 = Debug|Any CPU
		{76545655-3752-49EA-88BC-2BF984F05383}.Release|Any CPU.ActiveCfg = Release|Any CPU
		{76545655-3752-49EA-88BC-2BF984F05383}.Release|Any CPU.Build.0 = Release|Any CPU
		{08E4C3CB-6134-41FB-9D1D-44AA38EA4368}.Debug|Any CPU.ActiveCfg = Debug|Any CPU
		{08E4C3CB-6134-41FB-9D1D-44AA38EA4368}.Debug|Any CPU.Build.0 = Debug|Any CPU
		{08E4C3CB-6134-41FB-9D1D-44AA38EA4368}.Release|Any CPU.ActiveCfg = Release|Any CPU
		{08E4C3CB-6134-41FB-9D1D-44AA38EA4368}.Release|Any CPU.Build.0 = Release|Any CPU
		{DB4A8F5C-9C17-4610-9DBC-B8A5E7217470}.Debug|Any CPU.ActiveCfg = Debug|Any CPU
		{DB4A8F5C-9C17-4610-9DBC-B8A5E7217470}.Debug|Any CPU.Build.0 = Debug|Any CPU
		{DB4A8F5C-9C17-4610-9DBC-B8A5E7217470}.Release|Any CPU.ActiveCfg = Release|Any CPU
		{DB4A8F5C-9C17-4610-9DBC-B8A5E7217470}.Release|Any CPU.Build.0 = Release|Any CPU
		{DD27FB87-9705-45E3-8E50-299FE89D684A}.Debug|Any CPU.ActiveCfg = Debug|Any CPU
		{DD27FB87-9705-45E3-8E50-299FE89D684A}.Debug|Any CPU.Build.0 = Debug|Any CPU
		{DD27FB87-9705-45E3-8E50-299FE89D684A}.Release|Any CPU.ActiveCfg = Release|Any CPU
		{DD27FB87-9705-45E3-8E50-299FE89D684A}.Release|Any CPU.Build.0 = Release|Any CPU
		{36C6EA2F-24DA-424C-82CF-1CC54B5A3A6F}.Debug|Any CPU.ActiveCfg = Debug|Any CPU
		{36C6EA2F-24DA-424C-82CF-1CC54B5A3A6F}.Debug|Any CPU.Build.0 = Debug|Any CPU
		{36C6EA2F-24DA-424C-82CF-1CC54B5A3A6F}.Release|Any CPU.ActiveCfg = Release|Any CPU
		{36C6EA2F-24DA-424C-82CF-1CC54B5A3A6F}.Release|Any CPU.Build.0 = Release|Any CPU
	EndGlobalSection
	GlobalSection(SolutionProperties) = preSolution
		HideSolutionNode = FALSE
	EndGlobalSection
	GlobalSection(ExtensibilityGlobals) = postSolution
		SolutionGuid = {CD372B52-0FF9-4E06-B3D6-2DC5F70E4B7C}
	EndGlobalSection
EndGlobal
